// !$*UTF8*$!
{
	archiveVersion = 1;
	classes = {
	};
	objectVersion = 46;
	objects = {

/* Begin PBXBuildFile section */
		847F2D911DB65B53006E2CAF /* AVFoundation.framework in Frameworks */ = {isa = PBXBuildFile; fileRef = 847F2D901DB65B53006E2CAF /* AVFoundation.framework */; };
		84832BE91DB63CB60077EC30 /* AppDelegate.swift in Sources */ = {isa = PBXBuildFile; fileRef = 84832BE81DB63CB60077EC30 /* AppDelegate.swift */; };
		84832BEB1DB63CB60077EC30 /* ViewController.swift in Sources */ = {isa = PBXBuildFile; fileRef = 84832BEA1DB63CB60077EC30 /* ViewController.swift */; };
		84832BEE1DB63CB60077EC30 /* Main.storyboard in Resources */ = {isa = PBXBuildFile; fileRef = 84832BEC1DB63CB60077EC30 /* Main.storyboard */; };
		84832BF01DB63CB60077EC30 /* Assets.xcassets in Resources */ = {isa = PBXBuildFile; fileRef = 84832BEF1DB63CB60077EC30 /* Assets.xcassets */; };
		84832BF31DB63CB60077EC30 /* LaunchScreen.storyboard in Resources */ = {isa = PBXBuildFile; fileRef = 84832BF11DB63CB60077EC30 /* LaunchScreen.storyboard */; };
/* End PBXBuildFile section */

/* Begin PBXFileReference section */
		847F2D901DB65B53006E2CAF /* AVFoundation.framework */ = {isa = PBXFileReference; lastKnownFileType = wrapper.framework; name = AVFoundation.framework; path = System/Library/Frameworks/AVFoundation.framework; sourceTree = SDKROOT; };
		84832BE51DB63CB60077EC30 /* SYPCameVideo.app */ = {isa = PBXFileReference; explicitFileType = wrapper.application; includeInIndex = 0; path = SYPCameVideo.app; sourceTree = BUILT_PRODUCTS_DIR; };
		84832BE81DB63CB60077EC30 /* AppDelegate.swift */ = {isa = PBXFileReference; lastKnownFileType = sourcecode.swift; path = AppDelegate.swift; sourceTree = "<group>"; };
		84832BEA1DB63CB60077EC30 /* ViewController.swift */ = {isa = PBXFileReference; lastKnownFileType = sourcecode.swift; path = ViewController.swift; sourceTree = "<group>"; };
		84832BED1DB63CB60077EC30 /* Base */ = {isa = PBXFileReference; lastKnownFileType = file.storyboard; name = Base; path = Base.lproj/Main.storyboard; sourceTree = "<group>"; };
		84832BEF1DB63CB60077EC30 /* Assets.xcassets */ = {isa = PBXFileReference; lastKnownFileType = folder.assetcatalog; path = Assets.xcassets; sourceTree = "<group>"; };
		84832BF21DB63CB60077EC30 /* Base */ = {isa = PBXFileReference; lastKnownFileType = file.storyboard; name = Base; path = Base.lproj/LaunchScreen.storyboard; sourceTree = "<group>"; };
		84832BF41DB63CB60077EC30 /* Info.plist */ = {isa = PBXFileReference; lastKnownFileType = text.plist.xml; path = Info.plist; sourceTree = "<group>"; };
/* End PBXFileReference section */

/* Begin PBXFrameworksBuildPhase section */
		84832BE21DB63CB60077EC30 /* Frameworks */ = {
			isa = PBXFrameworksBuildPhase;
			buildActionMask = 2147483647;
			files = (
				847F2D911DB65B53006E2CAF /* AVFoundation.framework in Frameworks */,
			);
			runOnlyForDeploymentPostprocessing = 0;
		};
/* End PBXFrameworksBuildPhase section */

/* Begin PBXGroup section */
		847F2D8F1DB65B53006E2CAF /* Frameworks */ = {
			isa = PBXGroup;
			children = (
				847F2D901DB65B53006E2CAF /* AVFoundation.framework */,
			);
			name = Frameworks;
			sourceTree = "<group>";
		};
		84832BDC1DB63CB60077EC30 = {
			isa = PBXGroup;
			children = (
				84832BE71DB63CB60077EC30 /* SYPCameVideo */,
				84832BE61DB63CB60077EC30 /* Products */,
				847F2D8F1DB65B53006E2CAF /* Frameworks */,
			);
			sourceTree = "<group>";
		};
		84832BE61DB63CB60077EC30 /* Products */ = {
			isa = PBXGroup;
			children = (
				84832BE51DB63CB60077EC30 /* SYPCameVideo.app */,
			);
			name = Products;
			sourceTree = "<group>";
		};
		84832BE71DB63CB60077EC30 /* SYPCameVideo */ = {
			isa = PBXGroup;
			children = (
				84832BE81DB63CB60077EC30 /* AppDelegate.swift */,
				84832BEA1DB63CB60077EC30 /* ViewController.swift */,
				84832BEC1DB63CB60077EC30 /* Main.storyboard */,
				84832BEF1DB63CB60077EC30 /* Assets.xcassets */,
				84832BF11DB63CB60077EC30 /* LaunchScreen.storyboard */,
				84832BF41DB63CB60077EC30 /* Info.plist */,
			);
			path = SYPCameVideo;
			sourceTree = "<group>";
		};
/* End PBXGroup section */

/* Begin PBXNativeTarget section */
		84832BE41DB63CB60077EC30 /* SYPCameVideo */ = {
			isa = PBXNativeTarget;
			buildConfigurationList = 84832BF71DB63CB60077EC30 /* Build configuration list for PBXNativeTarget "SYPCameVideo" */;
			buildPhases = (
				84832BE11DB63CB60077EC30 /* Sources */,
				84832BE21DB63CB60077EC30 /* Frameworks */,
				84832BE31DB63CB60077EC30 /* Resources */,
			);
			buildRules = (
			);
			dependencies = (
			);
			name = SYPCameVideo;
			productName = SYPCameVideo;
			productReference = 84832BE51DB63CB60077EC30 /* SYPCameVideo.app */;
			productType = "com.apple.product-type.application";
		};
/* End PBXNativeTarget section */

/* Begin PBXProject section */
		84832BDD1DB63CB60077EC30 /* Project object */ = {
			isa = PBXProject;
			attributes = {
				LastSwiftUpdateCheck = 0800;
				LastUpgradeCheck = 0800;
				ORGANIZATIONNAME = SYP;
				TargetAttributes = {
					84832BE41DB63CB60077EC30 = {
						CreatedOnToolsVersion = 8.0;
						DevelopmentTeam = HF526ANGZB;
						ProvisioningStyle = Automatic;
					};
				};
			};
			buildConfigurationList = 84832BE01DB63CB60077EC30 /* Build configuration list for PBXProject "SYPCameVideo" */;
			compatibilityVersion = "Xcode 3.2";
			developmentRegion = English;
			hasScannedForEncodings = 0;
			knownRegions = (
				en,
				Base,
			);
			mainGroup = 84832BDC1DB63CB60077EC30;
			productRefGroup = 84832BE61DB63CB60077EC30 /* Products */;
			projectDirPath = "";
			projectRoot = "";
			targets = (
				84832BE41DB63CB60077EC30 /* SYPCameVideo */,
			);
		};
/* End PBXProject section */

/* Begin PBXResourcesBuildPhase section */
		84832BE31DB63CB60077EC30 /* Resources */ = {
			isa = PBXResourcesBuildPhase;
			buildActionMask = 2147483647;
			files = (
				84832BF31DB63CB60077EC30 /* LaunchScreen.storyboard in Resources */,
				84832BF01DB63CB60077EC30 /* Assets.xcassets in Resources */,
				84832BEE1DB63CB60077EC30 /* Main.storyboard in Resources */,
			);
			runOnlyForDeploymentPostprocessing = 0;
		};
/* End PBXResourcesBuildPhase section */

/* Begin PBXSourcesBuildPhase section */
		84832BE11DB63CB60077EC30 /* Sources */ = {
			isa = PBXSourcesBuildPhase;
			buildActionMask = 2147483647;
			files = (
				84832BEB1DB63CB60077EC30 /* ViewController.swift in Sources */,
				84832BE91DB63CB60077EC30 /* AppDelegate.swift in Sources */,
			);
			runOnlyForDeploymentPostprocessing = 0;
		};
/* End PBXSourcesBuildPhase section */

/* Begin PBXVariantGroup section */
		84832BEC1DB63CB60077EC30 /* Main.storyboard */ = {
			isa = PBXVariantGroup;
			children = (
				84832BED1DB63CB60077EC30 /* Base */,
			);
			name = Main.storyboard;
			sourceTree = "<group>";
		};
		84832BF11DB63CB60077EC30 /* LaunchScreen.storyboard */ = {
			isa = PBXVariantGroup;
			children = (
				84832BF21DB63CB60077EC30 /* Base */,
			);
			name = LaunchScreen.storyboard;
			sourceTree = "<group>";
		};
/* End PBXVariantGroup section */

/* Begin XCBuildConfiguration section */
		84832BF51DB63CB60077EC30 /* Debug */ = {
			isa = XCBuildConfiguration;
			buildSettings = {
				ALWAYS_SEARCH_USER_PATHS = NO;
				CLANG_ANALYZER_NONNULL = YES;
				CLANG_CXX_LANGUAGE_STANDARD = "gnu++0x";
				CLANG_CXX_LIBRARY = "libc++";
				CLANG_ENABLE_MODULES = YES;
				CLANG_ENABLE_OBJC_ARC = YES;
				CLANG_WARN_BOOL_CONVERSION = YES;
				CLANG_WARN_CONSTANT_CONVERSION = YES;
				CLANG_WARN_DIRECT_OBJC_ISA_USAGE = YES_ERROR;
				CLANG_WARN_DOCUMENTATION_COMMENTS = YES;
				CLANG_WARN_EMPTY_BODY = YES;
				CLANG_WARN_ENUM_CONVERSION = YES;
				CLANG_WARN_INFINITE_RECURSION = YES;
				CLANG_WARN_INT_CONVERSION = YES;
				CLANG_WARN_OBJC_ROOT_CLASS = YES_ERROR;
				CLANG_WARN_SUSPICIOUS_MOVES = YES;
				CLANG_WARN_UNREACHABLE_CODE = YES;
				CLANG_WARN__DUPLICATE_METHOD_MATCH = YES;
				"CODE_SIGN_IDENTITY[sdk=iphoneos*]" = "iPhone Developer";
				COPY_PHASE_STRIP = NO;
				DEBUG_INFORMATION_FORMAT = dwarf;
				ENABLE_STRICT_OBJC_MSGSEND = YES;
				ENABLE_TESTABILITY = YES;
				GCC_C_LANGUAGE_STANDARD = gnu99;
				GCC_DYNAMIC_NO_PIC = NO;
				GCC_NO_COMMON_BLOCKS = YES;
				GCC_OPTIMIZATION_LEVEL = 0;
				GCC_PREPROCESSOR_DEFINITIONS = (
					"DEBUG=1",
					"$(inherited)",
				);
				GCC_WARN_64_TO_32_BIT_CONVERSION = YES;
				GCC_WARN_ABOUT_RETURN_TYPE = YES_ERROR;
				GCC_WARN_UNDECLARED_SELECTOR = YES;
				GCC_WARN_UNINITIALIZED_AUTOS = YES_AGGRESSIVE;
				GCC_WARN_UNUSED_FUNCTION = YES;
				GCC_WARN_UNUSED_VARIABLE = YES;
				IPHONEOS_DEPLOYMENT_TARGET = 10.0;
				MTL_ENABLE_DEBUG_INFO = YES;
				ONLY_ACTIVE_ARCH = YES;
				SDKROOT = iphoneos;
				SWIFT_ACTIVE_COMPILATION_CONDITIONS = DEBUG;
				SWIFT_OPTIMIZATION_LEVEL = "-Onone";
				TARGETED_DEVICE_FAMILY = "1,2";
			};
			name = Debug;
		};
		84832BF61DB63CB60077EC30 /* Release */ = {
			isa = XCBuildConfiguration;
			buildSettings = {
				ALWAYS_SEARCH_USER_PATHS = NO;
				CLANG_ANALYZER_NONNULL = YES;
				CLANG_CXX_LANGUAGE_STANDARD = "gnu++0x";
				CLANG_CXX_LIBRARY = "libc++";
				CLANG_ENABLE_MODULES = YES;
				CLANG_ENABLE_OBJC_ARC = YES;
				CLANG_WARN_BOOL_CONVERSION = YES;
				CLANG_WARN_CONSTANT_CONVERSION = YES;
				CLANG_WARN_DIRECT_OBJC_ISA_USAGE = YES_ERROR;
				CLANG_WARN_DOCUMENTATION_COMMENTS = YES;
				CLANG_WARN_EMPTY_BODY = YES;
				CLANG_WARN_ENUM_CONVERSION = YES;
				CLANG_WARN_INFINITE_RECURSION = YES;
				CLANG_WARN_INT_CONVERSION = YES;
				CLANG_WARN_OBJC_ROOT_CLASS = YES_ERROR;
				CLANG_WARN_SUSPICIOUS_MOVES = YES;
				CLANG_WARN_UNREACHABLE_CODE = YES;
				CLANG_WARN__DUPLICATE_METHOD_MATCH = YES;
				"CODE_SIGN_IDENTITY[sdk=iphoneos*]" = "iPhone Developer";
				COPY_PHASE_STRIP = NO;
				DEBUG_INFORMATION_FORMAT = "dwarf-with-dsym";
				ENABLE_NS_ASSERTIONS = NO;
				ENABLE_STRICT_OBJC_MSGSEND = YES;
				GCC_C_LANGUAGE_STANDARD = gnu99;
				GCC_NO_COMMON_BLOCKS = YES;
				GCC_WARN_64_TO_32_BIT_CONVERSION = YES;
				GCC_WARN_ABOUT_RETURN_TYPE = YES_ERROR;
				GCC_WARN_UNDECLARED_SELECTOR = YES;
				GCC_WARN_UNINITIALIZED_AUTOS = YES_AGGRESSIVE;
				GCC_WARN_UNUSED_FUNCTION = YES;
				GCC_WARN_UNUSED_VARIABLE = YES;
				IPHONEOS_DEPLOYMENT_TARGET = 10.0;
				MTL_ENABLE_DEBUG_INFO = NO;
				SDKROOT = iphoneos;
				SWIFT_OPTIMIZATION_LEVEL = "-Owholemodule";
				TARGETED_DEVICE_FAMILY = "1,2";
				VALIDATE_PRODUCT = YES;
			};
			name = Release;
		};
		84832BF81DB63CB60077EC30 /* Debug */ = {
			isa = XCBuildConfiguration;
			buildSettings = {
				ASSETCATALOG_COMPILER_APPICON_NAME = AppIcon;
				DEVELOPMENT_TEAM = HF526ANGZB;
				INFOPLIST_FILE = SYPCameVideo/Info.plist;
				LD_RUNPATH_SEARCH_PATHS = "$(inherited) @executable_path/Frameworks";
				PRODUCT_BUNDLE_IDENTIFIER = SYP.SYPCameVideo;
				PRODUCT_NAME = "$(TARGET_NAME)";
				SWIFT_VERSION = 3.0;
			};
			name = Debug;
		};
		84832BF91DB63CB60077EC30 /* Release */ = {
			isa = XCBuildConfiguration;
			buildSettings = {
				ASSETCATALOG_COMPILER_APPICON_NAME = AppIcon;
				DEVELOPMENT_TEAM = HF526ANGZB;
				INFOPLIST_FILE = SYPCameVideo/Info.plist;
				LD_RUNPATH_SEARCH_PATHS = "$(inherited) @executable_path/Frameworks";
				PRODUCT_BUNDLE_IDENTIFIER = SYP.SYPCameVideo;
				PRODUCT_NAME = "$(TARGET_NAME)";
				SWIFT_VERSION = 3.0;
			};
			name = Release;
		};
/* End XCBuildConfiguration section */

/* Begin XCConfigurationList section */
		84832BE01DB63CB60077EC30 /* Build configuration list for PBXProject "SYPCameVideo" */ = {
			isa = XCConfigurationList;
			buildConfigurations = (
				84832BF51DB63CB60077EC30 /* Debug */,
				84832BF61DB63CB60077EC30 /* Release */,
			);
			defaultConfigurationIsVisible = 0;
			defaultConfigurationName = Release;
		};
		84832BF71DB63CB60077EC30 /* Build configuration list for PBXNativeTarget "SYPCameVideo" */ = {
			isa = XCConfigurationList;
			buildConfigurations = (
				84832BF81DB63CB60077EC30 /* Debug */,
				84832BF91DB63CB60077EC30 /* Release */,
			);
			defaultConfigurationIsVisible = 0;
			defaultConfigurationName = Release;
		};
/* End XCConfigurationList section */
	};
	rootObject = 84832BDD1DB63CB60077EC30 /* Project object */;
}
